
Microsoft Visual Studio Solution File, Format Version 12.00
# Visual Studio Version 16
VisualStudioVersion = 16.0.30320.27
MinimumVisualStudioVersion = 10.0.40219.1
Project("{FAE04EC0-301F-11D3-BF4B-00C04F79EFBC}") = "APIBoletim", "APIBoletim\APIBoletim.csproj", "{C6628EA9-D6A9-4776-953E-0CDC291CC5A2}"
EndProject
Global
	GlobalSection(SolutionConfigurationPlatforms) = preSolution
		Debug|Any CPU = Debug|Any CPU
		Release|Any CPU = Release|Any CPU
	EndGlobalSection
	GlobalSection(ProjectConfigurationPlatforms) = postSolution
		{C6628EA9-D6A9-4776-953E-0CDC291CC5A2}.Debug|Any CPU.ActiveCfg = Debug|Any CPU
		{C6628EA9-D6A9-4776-953E-0CDC291CC5A2}.Debug|Any CPU.Build.0 = Debug|Any CPU
		{C6628EA9-D6A9-4776-953E-0CDC291CC5A2}.Release|Any CPU.ActiveCfg = Release|Any CPU
		{C6628EA9-D6A9-4776-953E-0CDC291CC5A2}.Release|Any CPU.Build.0 = Release|Any CPU
	EndGlobalSection
	GlobalSection(SolutionProperties) = preSolution
		HideSolutionNode = FALSE
	EndGlobalSection
	GlobalSection(ExtensibilityGlobals) = postSolution
		SolutionGuid = {DB13FB30-8AD7-4A55-B7E8-50A5DC76B221}
	EndGlobalSection
EndGlobal
